{
    "version": 3,
    "terraform_version": "0.10.8",
    "serial": 14,
    "lineage": "de24c90c-9c0c-4b05-9f9f-78ac42524465",
    "modules": [
        {
            "path": [
                "root"
            ],
            "outputs": {
                "ec2_dns_name": {
                    "sensitive": false,
                    "type": "list",
                    "value": [
                        "ec2-184-73-74-81.compute-1.amazonaws.com",
                        "ec2-54-172-130-36.compute-1.amazonaws.com",
                        "ec2-107-22-134-29.compute-1.amazonaws.com",
                        "ec2-34-230-59-92.compute-1.amazonaws.com",
                        "ec2-54-161-226-93.compute-1.amazonaws.com",
                        "ec2-107-23-252-141.compute-1.amazonaws.com"
                    ]
                }
            },
            "resources": {
                "aws_instance.lamp.0": {
                    "type": "aws_instance",
                    "depends_on": [
                        "data.aws_ami.ubuntu",
                        "data.template_file.knife"
                    ],
                    "primary": {
                        "id": "i-0fdb2bc2d0c9bad68",
                        "attributes": {
                            "ami": "ami-c29e1cb8",
                            "associate_public_ip_address": "true",
                            "availability_zone": "us-east-1a",
                            "disable_api_termination": "false",
                            "ebs_block_device.#": "0",
                            "ebs_optimized": "false",
                            "ephemeral_block_device.#": "0",
                            "iam_instance_profile": "",
                            "id": "i-0fdb2bc2d0c9bad68",
                            "instance_state": "running",
                            "instance_type": "t2.micro",
                            "ipv6_addresses.#": "0",
                            "key_name": "mykey",
                            "monitoring": "false",
                            "network_interface.#": "0",
                            "network_interface_id": "eni-d37ae419",
                            "placement_group": "",
                            "primary_network_interface_id": "eni-d37ae419",
                            "private_dns": "ip-172-31-81-167.ec2.internal",
                            "private_ip": "172.31.81.167",
                            "public_dns": "ec2-184-73-74-81.compute-1.amazonaws.com",
                            "public_ip": "184.73.74.81",
                            "root_block_device.#": "1",
                            "root_block_device.0.delete_on_termination": "true",
                            "root_block_device.0.iops": "100",
                            "root_block_device.0.volume_size": "8",
                            "root_block_device.0.volume_type": "gp2",
                            "security_groups.#": "1",
                            "security_groups.3239818785": "lamp_allow_all",
                            "source_dest_check": "true",
                            "subnet_id": "subnet-db26cef4",
                            "tags.%": "1",
                            "tags.Name": "ChefClient_nodeA",
                            "tenancy": "default",
                            "volume_tags.%": "0",
                            "vpc_security_group_ids.#": "0"
                        },
                        "meta": {
                            "e2bfb730-ecaa-11e6-8f88-34363bc7c4c0": {
                                "create": 600000000000,
                                "delete": 600000000000,
                                "update": 600000000000
                            },
                            "schema_version": "1"
                        },
                        "tainted": false
                    },
                    "deposed": [],
                    "provider": ""
                },
                "aws_instance.lamp.1": {
                    "type": "aws_instance",
                    "depends_on": [
                        "data.aws_ami.ubuntu",
                        "data.template_file.knife"
                    ],
                    "primary": {
                        "id": "i-09b128facd487a537",
                        "attributes": {
                            "ami": "ami-c29e1cb8",
                            "associate_public_ip_address": "true",
                            "availability_zone": "us-east-1a",
                            "disable_api_termination": "false",
                            "ebs_block_device.#": "0",
                            "ebs_optimized": "false",
                            "ephemeral_block_device.#": "0",
                            "iam_instance_profile": "",
                            "id": "i-09b128facd487a537",
                            "instance_state": "running",
                            "instance_type": "t2.micro",
                            "ipv6_addresses.#": "0",
                            "key_name": "mykey",
                            "monitoring": "false",
                            "network_interface.#": "0",
                            "network_interface_id": "eni-7740debd",
                            "placement_group": "",
                            "primary_network_interface_id": "eni-7740debd",
                            "private_dns": "ip-172-31-81-246.ec2.internal",
                            "private_ip": "172.31.81.246",
                            "public_dns": "ec2-54-172-130-36.compute-1.amazonaws.com",
                            "public_ip": "54.172.130.36",
                            "root_block_device.#": "1",
                            "root_block_device.0.delete_on_termination": "true",
                            "root_block_device.0.iops": "100",
                            "root_block_device.0.volume_size": "8",
                            "root_block_device.0.volume_type": "gp2",
                            "security_groups.#": "1",
                            "security_groups.3239818785": "lamp_allow_all",
                            "source_dest_check": "true",
                            "subnet_id": "subnet-db26cef4",
                            "tags.%": "1",
                            "tags.Name": "ChefClient_nodeB",
                            "tenancy": "default",
                            "volume_tags.%": "0",
                            "vpc_security_group_ids.#": "0"
                        },
                        "meta": {
                            "e2bfb730-ecaa-11e6-8f88-34363bc7c4c0": {
                                "create": 600000000000,
                                "delete": 600000000000,
                                "update": 600000000000
                            },
                            "schema_version": "1"
                        },
                        "tainted": false
                    },
                    "deposed": [],
                    "provider": ""
                },
                "aws_instance.lamp.2": {
                    "type": "aws_instance",
                    "depends_on": [
                        "data.aws_ami.ubuntu",
                        "data.template_file.knife"
                    ],
                    "primary": {
                        "id": "i-021b4a705770b7514",
                        "attributes": {
                            "ami": "ami-c29e1cb8",
                            "associate_public_ip_address": "true",
                            "availability_zone": "us-east-1a",
                            "disable_api_termination": "false",
                            "ebs_block_device.#": "0",
                            "ebs_optimized": "false",
                            "ephemeral_block_device.#": "0",
                            "iam_instance_profile": "",
                            "id": "i-021b4a705770b7514",
                            "instance_state": "running",
                            "instance_type": "t2.micro",
                            "ipv6_addresses.#": "0",
                            "key_name": "mykey",
                            "monitoring": "false",
                            "network_interface.#": "0",
                            "network_interface_id": "eni-177ae4dd",
                            "placement_group": "",
                            "primary_network_interface_id": "eni-177ae4dd",
                            "private_dns": "ip-172-31-94-238.ec2.internal",
                            "private_ip": "172.31.94.238",
                            "public_dns": "ec2-107-22-134-29.compute-1.amazonaws.com",
                            "public_ip": "107.22.134.29",
                            "root_block_device.#": "1",
                            "root_block_device.0.delete_on_termination": "true",
                            "root_block_device.0.iops": "100",
                            "root_block_device.0.volume_size": "8",
                            "root_block_device.0.volume_type": "gp2",
                            "security_groups.#": "1",
                            "security_groups.3239818785": "lamp_allow_all",
                            "source_dest_check": "true",
                            "subnet_id": "subnet-db26cef4",
                            "tags.%": "1",
                            "tags.Name": "ChefClient_nodeC",
                            "tenancy": "default",
                            "volume_tags.%": "0",
                            "vpc_security_group_ids.#": "0"
                        },
                        "meta": {
                            "e2bfb730-ecaa-11e6-8f88-34363bc7c4c0": {
                                "create": 600000000000,
                                "delete": 600000000000,
                                "update": 600000000000
                            },
                            "schema_version": "1"
                        },
                        "tainted": false
                    },
                    "deposed": [],
                    "provider": ""
                },
                "aws_instance.lamp.3": {
                    "type": "aws_instance",
                    "depends_on": [
                        "data.aws_ami.ubuntu",
                        "data.template_file.knife"
                    ],
                    "primary": {
                        "id": "i-0a671c116398f114f",
                        "attributes": {
                            "ami": "ami-c29e1cb8",
                            "associate_public_ip_address": "true",
                            "availability_zone": "us-east-1a",
                            "disable_api_termination": "false",
                            "ebs_block_device.#": "0",
                            "ebs_optimized": "false",
                            "ephemeral_block_device.#": "0",
                            "iam_instance_profile": "",
                            "id": "i-0a671c116398f114f",
                            "instance_state": "running",
                            "instance_type": "t2.micro",
                            "ipv6_addresses.#": "0",
                            "key_name": "mykey",
                            "monitoring": "false",
                            "network_interface.#": "0",
                            "network_interface_id": "eni-7c7de3b6",
                            "placement_group": "",
                            "primary_network_interface_id": "eni-7c7de3b6",
                            "private_dns": "ip-172-31-82-180.ec2.internal",
                            "private_ip": "172.31.82.180",
                            "public_dns": "ec2-34-230-59-92.compute-1.amazonaws.com",
                            "public_ip": "34.230.59.92",
                            "root_block_device.#": "1",
                            "root_block_device.0.delete_on_termination": "true",
                            "root_block_device.0.iops": "100",
                            "root_block_device.0.volume_size": "8",
                            "root_block_device.0.volume_type": "gp2",
                            "security_groups.#": "1",
                            "security_groups.3239818785": "lamp_allow_all",
                            "source_dest_check": "true",
                            "subnet_id": "subnet-db26cef4",
                            "tags.%": "1",
                            "tags.Name": "ChefClient_nodeD",
                            "tenancy": "default",
                            "volume_tags.%": "0",
                            "vpc_security_group_ids.#": "0"
                        },
                        "meta": {
                            "e2bfb730-ecaa-11e6-8f88-34363bc7c4c0": {
                                "create": 600000000000,
                                "delete": 600000000000,
                                "update": 600000000000
                            },
                            "schema_version": "1"
                        },
                        "tainted": false
                    },
                    "deposed": [],
                    "provider": ""
                },
                "aws_instance.lamp.4": {
                    "type": "aws_instance",
                    "depends_on": [
                        "data.aws_ami.ubuntu",
                        "data.template_file.knife"
                    ],
                    "primary": {
                        "id": "i-0ee0d44fd75115221",
                        "attributes": {
                            "ami": "ami-c29e1cb8",
                            "associate_public_ip_address": "true",
                            "availability_zone": "us-east-1a",
                            "disable_api_termination": "false",
                            "ebs_block_device.#": "0",
                            "ebs_optimized": "false",
                            "ephemeral_block_device.#": "0",
                            "iam_instance_profile": "",
                            "id": "i-0ee0d44fd75115221",
                            "instance_state": "running",
                            "instance_type": "t2.micro",
                            "ipv6_addresses.#": "0",
                            "key_name": "mykey",
                            "monitoring": "false",
                            "network_interface.#": "0",
                            "network_interface_id": "eni-cf78e605",
                            "placement_group": "",
                            "primary_network_interface_id": "eni-cf78e605",
                            "private_dns": "ip-172-31-86-101.ec2.internal",
                            "private_ip": "172.31.86.101",
                            "public_dns": "ec2-54-161-226-93.compute-1.amazonaws.com",
                            "public_ip": "54.161.226.93",
                            "root_block_device.#": "1",
                            "root_block_device.0.delete_on_termination": "true",
                            "root_block_device.0.iops": "100",
                            "root_block_device.0.volume_size": "8",
                            "root_block_device.0.volume_type": "gp2",
                            "security_groups.#": "1",
                            "security_groups.3239818785": "lamp_allow_all",
                            "source_dest_check": "true",
                            "subnet_id": "subnet-db26cef4",
                            "tags.%": "1",
                            "tags.Name": "ChefClient_nodeE",
                            "tenancy": "default",
                            "volume_tags.%": "0",
                            "vpc_security_group_ids.#": "0"
                        },
                        "meta": {
                            "e2bfb730-ecaa-11e6-8f88-34363bc7c4c0": {
                                "create": 600000000000,
                                "delete": 600000000000,
                                "update": 600000000000
                            },
                            "schema_version": "1"
                        },
                        "tainted": false
                    },
                    "deposed": [],
                    "provider": ""
                },
                "aws_instance.lamp.5": {
                    "type": "aws_instance",
                    "depends_on": [
                        "data.aws_ami.ubuntu",
                        "data.template_file.knife"
                    ],
                    "primary": {
                        "id": "i-0325c6a8fab2d0140",
                        "attributes": {
                            "ami": "ami-c29e1cb8",
                            "associate_public_ip_address": "true",
                            "availability_zone": "us-east-1a",
                            "disable_api_termination": "false",
                            "ebs_block_device.#": "0",
                            "ebs_optimized": "false",
                            "ephemeral_block_device.#": "0",
                            "iam_instance_profile": "",
                            "id": "i-0325c6a8fab2d0140",
                            "instance_state": "running",
                            "instance_type": "t2.micro",
                            "ipv6_addresses.#": "0",
                            "key_name": "mykey",
                            "monitoring": "false",
                            "network_interface.#": "0",
                            "network_interface_id": "eni-b167f97b",
                            "placement_group": "",
                            "primary_network_interface_id": "eni-b167f97b",
                            "private_dns": "ip-172-31-88-64.ec2.internal",
                            "private_ip": "172.31.88.64",
                            "public_dns": "ec2-107-23-252-141.compute-1.amazonaws.com",
                            "public_ip": "107.23.252.141",
                            "root_block_device.#": "1",
                            "root_block_device.0.delete_on_termination": "true",
                            "root_block_device.0.iops": "100",
                            "root_block_device.0.volume_size": "8",
                            "root_block_device.0.volume_type": "gp2",
                            "security_groups.#": "1",
                            "security_groups.3239818785": "lamp_allow_all",
                            "source_dest_check": "true",
                            "subnet_id": "subnet-db26cef4",
                            "tags.%": "1",
                            "tags.Name": "ChefClient_nodeF",
                            "tenancy": "default",
                            "volume_tags.%": "0",
                            "vpc_security_group_ids.#": "0"
                        },
                        "meta": {
                            "e2bfb730-ecaa-11e6-8f88-34363bc7c4c0": {
                                "create": 600000000000,
                                "delete": 600000000000,
                                "update": 600000000000
                            },
                            "schema_version": "1"
                        },
                        "tainted": false
                    },
                    "deposed": [],
                    "provider": ""
                },
                "aws_security_group.lamp_allow_all": {
                    "type": "aws_security_group",
                    "depends_on": [
                        "data.aws_vpc.main"
                    ],
                    "primary": {
                        "id": "sg-51ffd525",
                        "attributes": {
                            "description": "Allow all inbound traffic",
                            "egress.#": "3",
                            "egress.2214680975.cidr_blocks.#": "1",
                            "egress.2214680975.cidr_blocks.0": "0.0.0.0/0",
                            "egress.2214680975.description": "",
                            "egress.2214680975.from_port": "80",
                            "egress.2214680975.ipv6_cidr_blocks.#": "0",
                            "egress.2214680975.prefix_list_ids.#": "0",
                            "egress.2214680975.protocol": "tcp",
                            "egress.2214680975.security_groups.#": "0",
                            "egress.2214680975.self": "false",
                            "egress.2214680975.to_port": "80",
                            "egress.2617001939.cidr_blocks.#": "1",
                            "egress.2617001939.cidr_blocks.0": "0.0.0.0/0",
                            "egress.2617001939.description": "",
                            "egress.2617001939.from_port": "443",
                            "egress.2617001939.ipv6_cidr_blocks.#": "0",
                            "egress.2617001939.prefix_list_ids.#": "0",
                            "egress.2617001939.protocol": "tcp",
                            "egress.2617001939.security_groups.#": "0",
                            "egress.2617001939.self": "false",
                            "egress.2617001939.to_port": "443",
                            "egress.443366489.cidr_blocks.#": "1",
                            "egress.443366489.cidr_blocks.0": "172.31.0.0/16",
                            "egress.443366489.description": "",
                            "egress.443366489.from_port": "22",
                            "egress.443366489.ipv6_cidr_blocks.#": "0",
                            "egress.443366489.prefix_list_ids.#": "0",
                            "egress.443366489.protocol": "tcp",
                            "egress.443366489.security_groups.#": "0",
                            "egress.443366489.self": "false",
                            "egress.443366489.to_port": "22",
                            "id": "sg-51ffd525",
                            "ingress.#": "3",
                            "ingress.2214680975.cidr_blocks.#": "1",
                            "ingress.2214680975.cidr_blocks.0": "0.0.0.0/0",
                            "ingress.2214680975.description": "",
                            "ingress.2214680975.from_port": "80",
                            "ingress.2214680975.ipv6_cidr_blocks.#": "0",
                            "ingress.2214680975.protocol": "tcp",
                            "ingress.2214680975.security_groups.#": "0",
                            "ingress.2214680975.self": "false",
                            "ingress.2214680975.to_port": "80",
                            "ingress.2617001939.cidr_blocks.#": "1",
                            "ingress.2617001939.cidr_blocks.0": "0.0.0.0/0",
                            "ingress.2617001939.description": "",
                            "ingress.2617001939.from_port": "443",
                            "ingress.2617001939.ipv6_cidr_blocks.#": "0",
                            "ingress.2617001939.protocol": "tcp",
                            "ingress.2617001939.security_groups.#": "0",
                            "ingress.2617001939.self": "false",
                            "ingress.2617001939.to_port": "443",
                            "ingress.3703275745.cidr_blocks.#": "4",
                            "ingress.3703275745.cidr_blocks.0": "142.244.161.39/32",
                            "ingress.3703275745.cidr_blocks.1": "142.244.5.36/32",
                            "ingress.3703275745.cidr_blocks.2": "75.158.126.212/32",
                            "ingress.3703275745.cidr_blocks.3": "172.31.0.0/16",
                            "ingress.3703275745.description": "",
                            "ingress.3703275745.from_port": "22",
                            "ingress.3703275745.ipv6_cidr_blocks.#": "0",
                            "ingress.3703275745.protocol": "tcp",
                            "ingress.3703275745.security_groups.#": "0",
                            "ingress.3703275745.self": "false",
                            "ingress.3703275745.to_port": "22",
                            "name": "lamp_allow_all",
                            "owner_id": "932586616415",
                            "revoke_rules_on_delete": "false",
                            "tags.%": "0",
                            "vpc_id": "vpc-72fc5d0a"
                        },
                        "meta": {
                            "schema_version": "1"
                        },
                        "tainted": false
                    },
                    "deposed": [],
                    "provider": ""
                },
                "data.aws_ami.ubuntu": {
                    "type": "aws_ami",
                    "depends_on": [],
                    "primary": {
                        "id": "ami-c29e1cb8",
                        "attributes": {
                            "architecture": "x86_64",
                            "block_device_mappings.#": "3",
                            "block_device_mappings.1634610537.device_name": "/dev/sdb",
                            "block_device_mappings.1634610537.ebs.%": "0",
                            "block_device_mappings.1634610537.no_device": "",
                            "block_device_mappings.1634610537.virtual_name": "ephemeral0",
                            "block_device_mappings.2547816212.device_name": "/dev/sda1",
                            "block_device_mappings.2547816212.ebs.%": "6",
                            "block_device_mappings.2547816212.ebs.delete_on_termination": "true",
                            "block_device_mappings.2547816212.ebs.encrypted": "false",
                            "block_device_mappings.2547816212.ebs.iops": "0",
                            "block_device_mappings.2547816212.ebs.snapshot_id": "snap-0438af8619a84cac5",
                            "block_device_mappings.2547816212.ebs.volume_size": "8",
                            "block_device_mappings.2547816212.ebs.volume_type": "gp2",
                            "block_device_mappings.2547816212.no_device": "",
                            "block_device_mappings.2547816212.virtual_name": "",
                            "block_device_mappings.3850042718.device_name": "/dev/sdc",
                            "block_device_mappings.3850042718.ebs.%": "0",
                            "block_device_mappings.3850042718.no_device": "",
                            "block_device_mappings.3850042718.virtual_name": "ephemeral1",
                            "creation_date": "2017-11-17T16:53:34.000Z",
                            "description": "Canonical, Ubuntu, 14.04 LTS, amd64 trusty image build on 2017-11-15",
                            "filter.#": "2",
                            "filter.2084994860.name": "name",
                            "filter.2084994860.values.#": "1",
                            "filter.2084994860.values.0": "ubuntu/images/hvm-ssd/ubuntu-trusty-14.04-amd64-server-20171115.1",
                            "filter.490168357.name": "virtualization-type",
                            "filter.490168357.values.#": "1",
                            "filter.490168357.values.0": "hvm",
                            "hypervisor": "xen",
                            "id": "ami-c29e1cb8",
                            "image_id": "ami-c29e1cb8",
                            "image_location": "099720109477/ubuntu/images/hvm-ssd/ubuntu-trusty-14.04-amd64-server-20171115.1",
                            "image_type": "machine",
                            "most_recent": "true",
                            "name": "ubuntu/images/hvm-ssd/ubuntu-trusty-14.04-amd64-server-20171115.1",
                            "owner_id": "099720109477",
                            "product_codes.#": "0",
                            "public": "true",
                            "root_device_name": "/dev/sda1",
                            "root_device_type": "ebs",
                            "root_snapshot_id": "snap-0438af8619a84cac5",
                            "sriov_net_support": "simple",
                            "state": "available",
                            "state_reason.%": "2",
                            "state_reason.code": "UNSET",
                            "state_reason.message": "UNSET",
                            "tags.%": "0",
                            "virtualization_type": "hvm"
                        },
                        "meta": {},
                        "tainted": false
                    },
                    "deposed": [],
                    "provider": ""
                },
                "data.aws_vpc.main": {
                    "type": "aws_vpc",
                    "depends_on": [],
                    "primary": {
                        "id": "vpc-72fc5d0a",
                        "attributes": {
                            "cidr_block": "172.31.0.0/16",
                            "default": "true",
                            "dhcp_options_id": "dopt-9833bce1",
                            "enable_dns_hostnames": "true",
                            "enable_dns_support": "true",
                            "id": "vpc-72fc5d0a",
                            "instance_tenancy": "default",
                            "state": "available",
                            "tags.%": "0"
                        },
                        "meta": {},
                        "tainted": false
                    },
                    "deposed": [],
                    "provider": ""
                },
                "data.template_file.knife": {
                    "type": "template_file",
                    "depends_on": [],
                    "primary": {
                        "id": "881b7facb5aef64e5ad9cebe6520537b217b7c2c8b8b73d485828b1cd0c15a3a",
                        "attributes": {
                            "id": "881b7facb5aef64e5ad9cebe6520537b217b7c2c8b8b73d485828b1cd0c15a3a",
                            "rendered": "# See https://docs.getchef.com/config_rb_knife.html for more information on knife configuration options\n\ncurrent_dir = File.dirname(__FILE__)\nlog_level                :info\nlog_location             STDOUT\nnode_name                \"chefadmin\"\nclient_key               \"#{current_dir}/chefadmin.pem\"\nchef_server_url          \"https://ec2-54-161-118-84.compute-1.amazonaws.com/organizations/adityauoa\"\ncookbook_path            [\"#{current_dir}/../cookbooks\"]\n",
                            "template": "# See https://docs.getchef.com/config_rb_knife.html for more information on knife configuration options\n\ncurrent_dir = File.dirname(__FILE__)\nlog_level                :info\nlog_location             STDOUT\nnode_name                \"chefadmin\"\nclient_key               \"#{current_dir}/chefadmin.pem\"\nchef_server_url          \"https://${chefserver}/organizations/adityauoa\"\ncookbook_path            [\"#{current_dir}/../cookbooks\"]\n",
                            "vars.%": "1",
                            "vars.chefserver": "ec2-54-161-118-84.compute-1.amazonaws.com"
                        },
                        "meta": {},
                        "tainted": false
                    },
                    "deposed": [],
                    "provider": ""
                }
            },
            "depends_on": []
        }
    ]
}
